// !$*UTF8*$!
{
	archiveVersion = 1;
	classes = {
	};
	objectVersion = 55;
	objects = {

/* Begin PBXBuildFile section */
		F8451647277F563D00201CB7 /* AppDelegate.swift in Sources */ = {isa = PBXBuildFile; fileRef = F8451646277F563D00201CB7 /* AppDelegate.swift */; };
		F8451649277F563D00201CB7 /* SceneDelegate.swift in Sources */ = {isa = PBXBuildFile; fileRef = F8451648277F563D00201CB7 /* SceneDelegate.swift */; };
		F845164B277F563D00201CB7 /* ToDoListViewController.swift in Sources */ = {isa = PBXBuildFile; fileRef = F845164A277F563D00201CB7 /* ToDoListViewController.swift */; };
		F845164E277F563D00201CB7 /* Main.storyboard in Resources */ = {isa = PBXBuildFile; fileRef = F845164C277F563D00201CB7 /* Main.storyboard */; };
		F8451651277F563D00201CB7 /* ToDoList.xcdatamodeld in Sources */ = {isa = PBXBuildFile; fileRef = F845164F277F563D00201CB7 /* ToDoList.xcdatamodeld */; };
		F8451653277F564100201CB7 /* Assets.xcassets in Resources */ = {isa = PBXBuildFile; fileRef = F8451652277F564100201CB7 /* Assets.xcassets */; };
		F8451656277F564100201CB7 /* LaunchScreen.storyboard in Resources */ = {isa = PBXBuildFile; fileRef = F8451654277F564100201CB7 /* LaunchScreen.storyboard */; };
		F8451661277F564100201CB7 /* ToDoListTests.swift in Sources */ = {isa = PBXBuildFile; fileRef = F8451660277F564100201CB7 /* ToDoListTests.swift */; };
		F845166B277F564100201CB7 /* ToDoListUITests.swift in Sources */ = {isa = PBXBuildFile; fileRef = F845166A277F564100201CB7 /* ToDoListUITests.swift */; };
		F845166D277F564100201CB7 /* ToDoListUITestsLaunchTests.swift in Sources */ = {isa = PBXBuildFile; fileRef = F845166C277F564100201CB7 /* ToDoListUITestsLaunchTests.swift */; };
/* End PBXBuildFile section */

/* Begin PBXContainerItemProxy section */
		F845165D277F564100201CB7 /* PBXContainerItemProxy */ = {
			isa = PBXContainerItemProxy;
			containerPortal = F845163B277F563D00201CB7 /* Project object */;
			proxyType = 1;
			remoteGlobalIDString = F8451642277F563D00201CB7;
			remoteInfo = ToDoList;
		};
		F8451667277F564100201CB7 /* PBXContainerItemProxy */ = {
			isa = PBXContainerItemProxy;
			containerPortal = F845163B277F563D00201CB7 /* Project object */;
			proxyType = 1;
			remoteGlobalIDString = F8451642277F563D00201CB7;
			remoteInfo = ToDoList;
		};
/* End PBXContainerItemProxy section */

/* Begin PBXFileReference section */
		F8451643277F563D00201CB7 /* ToDoList.app */ = {isa = PBXFileReference; explicitFileType = wrapper.application; includeInIndex = 0; path = ToDoList.app; sourceTree = BUILT_PRODUCTS_DIR; };
		F8451646277F563D00201CB7 /* AppDelegate.swift */ = {isa = PBXFileReference; lastKnownFileType = sourcecode.swift; path = AppDelegate.swift; sourceTree = "<group>"; };
		F8451648277F563D00201CB7 /* SceneDelegate.swift */ = {isa = PBXFileReference; lastKnownFileType = sourcecode.swift; path = SceneDelegate.swift; sourceTree = "<group>"; };
		F845164A277F563D00201CB7 /* ToDoListViewController.swift */ = {isa = PBXFileReference; lastKnownFileType = sourcecode.swift; path = ToDoListViewController.swift; sourceTree = "<group>"; };
		F845164D277F563D00201CB7 /* Base */ = {isa = PBXFileReference; lastKnownFileType = file.storyboard; name = Base; path = Base.lproj/Main.storyboard; sourceTree = "<group>"; };
		F8451650277F563D00201CB7 /* ToDoList.xcdatamodel */ = {isa = PBXFileReference; lastKnownFileType = wrapper.xcdatamodel; path = ToDoList.xcdatamodel; sourceTree = "<group>"; };
		F8451652277F564100201CB7 /* Assets.xcassets */ = {isa = PBXFileReference; lastKnownFileType = folder.assetcatalog; path = Assets.xcassets; sourceTree = "<group>"; };
		F8451655277F564100201CB7 /* Base */ = {isa = PBXFileReference; lastKnownFileType = file.storyboard; name = Base; path = Base.lproj/LaunchScreen.storyboard; sourceTree = "<group>"; };
		F8451657277F564100201CB7 /* Info.plist */ = {isa = PBXFileReference; lastKnownFileType = text.plist.xml; path = Info.plist; sourceTree = "<group>"; };
		F845165C277F564100201CB7 /* ToDoListTests.xctest */ = {isa = PBXFileReference; explicitFileType = wrapper.cfbundle; includeInIndex = 0; path = ToDoListTests.xctest; sourceTree = BUILT_PRODUCTS_DIR; };
		F8451660277F564100201CB7 /* ToDoListTests.swift */ = {isa = PBXFileReference; lastKnownFileType = sourcecode.swift; path = ToDoListTests.swift; sourceTree = "<group>"; };
		F8451666277F564100201CB7 /* ToDoListUITests.xctest */ = {isa = PBXFileReference; explicitFileType = wrapper.cfbundle; includeInIndex = 0; path = ToDoListUITests.xctest; sourceTree = BUILT_PRODUCTS_DIR; };
		F845166A277F564100201CB7 /* ToDoListUITests.swift */ = {isa = PBXFileReference; lastKnownFileType = sourcecode.swift; path = ToDoListUITests.swift; sourceTree = "<group>"; };
		F845166C277F564100201CB7 /* ToDoListUITestsLaunchTests.swift */ = {isa = PBXFileReference; lastKnownFileType = sourcecode.swift; path = ToDoListUITestsLaunchTests.swift; sourceTree = "<group>"; };
/* End PBXFileReference section */

/* Begin PBXFrameworksBuildPhase section */
		F8451640277F563D00201CB7 /* Frameworks */ = {
			isa = PBXFrameworksBuildPhase;
			buildActionMask = 2147483647;
			files = (
			);
			runOnlyForDeploymentPostprocessing = 0;
		};
		F8451659277F564100201CB7 /* Frameworks */ = {
			isa = PBXFrameworksBuildPhase;
			buildActionMask = 2147483647;
			files = (
			);
			runOnlyForDeploymentPostprocessing = 0;
		};
		F8451663277F564100201CB7 /* Frameworks */ = {
			isa = PBXFrameworksBuildPhase;
			buildActionMask = 2147483647;
			files = (
			);
			runOnlyForDeploymentPostprocessing = 0;
		};
/* End PBXFrameworksBuildPhase section */

/* Begin PBXGroup section */
		F811CE8B277F57C90028C6F6 /* Controllers */ = {
			isa = PBXGroup;
			children = (
				F845164A277F563D00201CB7 /* ToDoListViewController.swift */,
			);
			path = Controllers;
			sourceTree = "<group>";
		};
		F811CE8C277F57D60028C6F6 /* Views */ = {
			isa = PBXGroup;
			children = (
				F845164C277F563D00201CB7 /* Main.storyboard */,
			);
			path = Views;
			sourceTree = "<group>";
		};
		F811CE8D277F57DF0028C6F6 /* Models */ = {
			isa = PBXGroup;
			children = (
			);
			path = Models;
			sourceTree = "<group>";
		};
		F845163A277F563D00201CB7 = {
			isa = PBXGroup;
			children = (
				F8451645277F563D00201CB7 /* ToDoList */,
				F845165F277F564100201CB7 /* ToDoListTests */,
				F8451669277F564100201CB7 /* ToDoListUITests */,
				F8451644277F563D00201CB7 /* Products */,
			);
			sourceTree = "<group>";
		};
		F8451644277F563D00201CB7 /* Products */ = {
			isa = PBXGroup;
			children = (
				F8451643277F563D00201CB7 /* ToDoList.app */,
				F845165C277F564100201CB7 /* ToDoListTests.xctest */,
				F8451666277F564100201CB7 /* ToDoListUITests.xctest */,
			);
			name = Products;
			sourceTree = "<group>";
		};
		F8451645277F563D00201CB7 /* ToDoList */ = {
			isa = PBXGroup;
			children = (
				F8451646277F563D00201CB7 /* AppDelegate.swift */,
				F8451648277F563D00201CB7 /* SceneDelegate.swift */,
				F811CE8D277F57DF0028C6F6 /* Models */,
				F811CE8C277F57D60028C6F6 /* Views */,
				F811CE8B277F57C90028C6F6 /* Controllers */,
				F8451652277F564100201CB7 /* Assets.xcassets */,
				F8451654277F564100201CB7 /* LaunchScreen.storyboard */,
				F8451657277F564100201CB7 /* Info.plist */,
				F845164F277F563D00201CB7 /* ToDoList.xcdatamodeld */,
			);
			path = ToDoList;
			sourceTree = "<group>";
		};
		F845165F277F564100201CB7 /* ToDoListTests */ = {
			isa = PBXGroup;
			children = (
				F8451660277F564100201CB7 /* ToDoListTests.swift */,
			);
			path = ToDoListTests;
			sourceTree = "<group>";
		};
		F8451669277F564100201CB7 /* ToDoListUITests */ = {
			isa = PBXGroup;
			children = (
				F845166A277F564100201CB7 /* ToDoListUITests.swift */,
				F845166C277F564100201CB7 /* ToDoListUITestsLaunchTests.swift */,
			);
			path = ToDoListUITests;
			sourceTree = "<group>";
		};
/* End PBXGroup section */

/* Begin PBXNativeTarget section */
		F8451642277F563D00201CB7 /* ToDoList */ = {
			isa = PBXNativeTarget;
			buildConfigurationList = F8451670277F564100201CB7 /* Build configuration list for PBXNativeTarget "ToDoList" */;
			buildPhases = (
				F845163F277F563D00201CB7 /* Sources */,
				F8451640277F563D00201CB7 /* Frameworks */,
				F8451641277F563D00201CB7 /* Resources */,
			);
			buildRules = (
			);
			dependencies = (
			);
			name = ToDoList;
			productName = ToDoList;
			productReference = F8451643277F563D00201CB7 /* ToDoList.app */;
			productType = "com.apple.product-type.application";
		};
		F845165B277F564100201CB7 /* ToDoListTests */ = {
			isa = PBXNativeTarget;
			buildConfigurationList = F8451673277F564100201CB7 /* Build configuration list for PBXNativeTarget "ToDoListTests" */;
			buildPhases = (
				F8451658277F564100201CB7 /* Sources */,
				F8451659277F564100201CB7 /* Frameworks */,
				F845165A277F564100201CB7 /* Resources */,
			);
			buildRules = (
			);
			dependencies = (
				F845165E277F564100201CB7 /* PBXTargetDependency */,
			);
			name = ToDoListTests;
			productName = ToDoListTests;
			productReference = F845165C277F564100201CB7 /* ToDoListTests.xctest */;
			productType = "com.apple.product-type.bundle.unit-test";
		};
		F8451665277F564100201CB7 /* ToDoListUITests */ = {
			isa = PBXNativeTarget;
			buildConfigurationList = F8451676277F564100201CB7 /* Build configuration list for PBXNativeTarget "ToDoListUITests" */;
			buildPhases = (
				F8451662277F564100201CB7 /* Sources */,
				F8451663277F564100201CB7 /* Frameworks */,
				F8451664277F564100201CB7 /* Resources */,
			);
			buildRules = (
			);
			dependencies = (
				F8451668277F564100201CB7 /* PBXTargetDependency */,
			);
			name = ToDoListUITests;
			productName = ToDoListUITests;
			productReference = F8451666277F564100201CB7 /* ToDoListUITests.xctest */;
			productType = "com.apple.product-type.bundle.ui-testing";
		};
/* End PBXNativeTarget section */

/* Begin PBXProject section */
		F845163B277F563D00201CB7 /* Project object */ = {
			isa = PBXProject;
			attributes = {
				BuildIndependentTargetsInParallel = 1;
				LastSwiftUpdateCheck = 1320;
				LastUpgradeCheck = 1320;
				TargetAttributes = {
					F8451642277F563D00201CB7 = {
						CreatedOnToolsVersion = 13.2.1;
					};
					F845165B277F564100201CB7 = {
						CreatedOnToolsVersion = 13.2.1;
						TestTargetID = F8451642277F563D00201CB7;
					};
					F8451665277F564100201CB7 = {
						CreatedOnToolsVersion = 13.2.1;
						TestTargetID = F8451642277F563D00201CB7;
					};
				};
			};
			buildConfigurationList = F845163E277F563D00201CB7 /* Build configuration list for PBXProject "ToDoList" */;
			compatibilityVersion = "Xcode 13.0";
			developmentRegion = en;
			hasScannedForEncodings = 0;
			knownRegions = (
				en,
				Base,
			);
			mainGroup = F845163A277F563D00201CB7;
			productRefGroup = F8451644277F563D00201CB7 /* Products */;
			projectDirPath = "";
			projectRoot = "";
			targets = (
				F8451642277F563D00201CB7 /* ToDoList */,
				F845165B277F564100201CB7 /* ToDoListTests */,
				F8451665277F564100201CB7 /* ToDoListUITests */,
			);
		};
/* End PBXProject section */

/* Begin PBXResourcesBuildPhase section */
		F8451641277F563D00201CB7 /* Resources */ = {
			isa = PBXResourcesBuildPhase;
			buildActionMask = 2147483647;
			files = (
				F8451656277F564100201CB7 /* LaunchScreen.storyboard in Resources */,
				F8451653277F564100201CB7 /* Assets.xcassets in Resources */,
				F845164E277F563D00201CB7 /* Main.storyboard in Resources */,
			);
			runOnlyForDeploymentPostprocessing = 0;
		};
		F845165A277F564100201CB7 /* Resources */ = {
			isa = PBXResourcesBuildPhase;
			buildActionMask = 2147483647;
			files = (
			);
			runOnlyForDeploymentPostprocessing = 0;
		};
		F8451664277F564100201CB7 /* Resources */ = {
			isa = PBXResourcesBuildPhase;
			buildActionMask = 2147483647;
			files = (
			);
			runOnlyForDeploymentPostprocessing = 0;
		};
/* End PBXResourcesBuildPhase section */

/* Begin PBXSourcesBuildPhase section */
		F845163F277F563D00201CB7 /* Sources */ = {
			isa = PBXSourcesBuildPhase;
			buildActionMask = 2147483647;
			files = (
				F845164B277F563D00201CB7 /* ToDoListViewController.swift in Sources */,
				F8451647277F563D00201CB7 /* AppDelegate.swift in Sources */,
				F8451649277F563D00201CB7 /* SceneDelegate.swift in Sources */,
				F8451651277F563D00201CB7 /* ToDoList.xcdatamodeld in Sources */,
			);
			runOnlyForDeploymentPostprocessing = 0;
		};
		F8451658277F564100201CB7 /* Sources */ = {
			isa = PBXSourcesBuildPhase;
			buildActionMask = 2147483647;
			files = (
				F8451661277F564100201CB7 /* ToDoListTests.swift in Sources */,
			);
			runOnlyForDeploymentPostprocessing = 0;
		};
		F8451662277F564100201CB7 /* Sources */ = {
			isa = PBXSourcesBuildPhase;
			buildActionMask = 2147483647;
			files = (
				F845166D277F564100201CB7 /* ToDoListUITestsLaunchTests.swift in Sources */,
				F845166B277F564100201CB7 /* ToDoListUITests.swift in Sources */,
			);
			runOnlyForDeploymentPostprocessing = 0;
		};
/* End PBXSourcesBuildPhase section */

/* Begin PBXTargetDependency section */
		F845165E277F564100201CB7 /* PBXTargetDependency */ = {
			isa = PBXTargetDependency;
			target = F8451642277F563D00201CB7 /* ToDoList */;
			targetProxy = F845165D277F564100201CB7 /* PBXContainerItemProxy */;
		};
		F8451668277F564100201CB7 /* PBXTargetDependency */ = {
			isa = PBXTargetDependency;
			target = F8451642277F563D00201CB7 /* ToDoList */;
			targetProxy = F8451667277F564100201CB7 /* PBXContainerItemProxy */;
		};
/* End PBXTargetDependency section */

/* Begin PBXVariantGroup section */
		F845164C277F563D00201CB7 /* Main.storyboard */ = {
			isa = PBXVariantGroup;
			children = (
				F845164D277F563D00201CB7 /* Base */,
			);
			name = Main.storyboard;
			sourceTree = "<group>";
		};
		F8451654277F564100201CB7 /* LaunchScreen.storyboard */ = {
			isa = PBXVariantGroup;
			children = (
				F8451655277F564100201CB7 /* Base */,
			);
			name = LaunchScreen.storyboard;
			sourceTree = "<group>";
		};
/* End PBXVariantGroup section */

/* Begin XCBuildConfiguration section */
		F845166E277F564100201CB7 /* Debug */ = {
			isa = XCBuildConfiguration;
			buildSettings = {
				ALWAYS_SEARCH_USER_PATHS = NO;
				CLANG_ANALYZER_NONNULL = YES;
				CLANG_ANALYZER_NUMBER_OBJECT_CONVERSION = YES_AGGRESSIVE;
				CLANG_CXX_LANGUAGE_STANDARD = "gnu++17";
				CLANG_CXX_LIBRARY = "libc++";
				CLANG_ENABLE_MODULES = YES;
				CLANG_ENABLE_OBJC_ARC = YES;
				CLANG_ENABLE_OBJC_WEAK = YES;
				CLANG_WARN_BLOCK_CAPTURE_AUTORELEASING = YES;
				CLANG_WARN_BOOL_CONVERSION = YES;
				CLANG_WARN_COMMA = YES;
				CLANG_WARN_CONSTANT_CONVERSION = YES;
				CLANG_WARN_DEPRECATED_OBJC_IMPLEMENTATIONS = YES;
				CLANG_WARN_DIRECT_OBJC_ISA_USAGE = YES_ERROR;
				CLANG_WARN_DOCUMENTATION_COMMENTS = YES;
				CLANG_WARN_EMPTY_BODY = YES;
				CLANG_WARN_ENUM_CONVERSION = YES;
				CLANG_WARN_INFINITE_RECURSION = YES;
				CLANG_WARN_INT_CONVERSION = YES;
				CLANG_WARN_NON_LITERAL_NULL_CONVERSION = YES;
				CLANG_WARN_OBJC_IMPLICIT_RETAIN_SELF = YES;
				CLANG_WARN_OBJC_LITERAL_CONVERSION = YES;
				CLANG_WARN_OBJC_ROOT_CLASS = YES_ERROR;
				CLANG_WARN_QUOTED_INCLUDE_IN_FRAMEWORK_HEADER = YES;
				CLANG_WARN_RANGE_LOOP_ANALYSIS = YES;
				CLANG_WARN_STRICT_PROTOTYPES = YES;
				CLANG_WARN_SUSPICIOUS_MOVE = YES;
				CLANG_WARN_UNGUARDED_AVAILABILITY = YES_AGGRESSIVE;
				CLANG_WARN_UNREACHABLE_CODE = YES;
				CLANG_WARN__DUPLICATE_METHOD_MATCH = YES;
				COPY_PHASE_STRIP = NO;
				DEBUG_INFORMATION_FORMAT = dwarf;
				ENABLE_STRICT_OBJC_MSGSEND = YES;
				ENABLE_TESTABILITY = YES;
				GCC_C_LANGUAGE_STANDARD = gnu11;
				GCC_DYNAMIC_NO_PIC = NO;
				GCC_NO_COMMON_BLOCKS = YES;
				GCC_OPTIMIZATION_LEVEL = 0;
				GCC_PREPROCESSOR_DEFINITIONS = (
					"DEBUG=1",
					"$(inherited)",
				);
				GCC_WARN_64_TO_32_BIT_CONVERSION = YES;
				GCC_WARN_ABOUT_RETURN_TYPE = YES_ERROR;
				GCC_WARN_UNDECLARED_SELECTOR = YES;
				GCC_WARN_UNINITIALIZED_AUTOS = YES_AGGRESSIVE;
				GCC_WARN_UNUSED_FUNCTION = YES;
				GCC_WARN_UNUSED_VARIABLE = YES;
				IPHONEOS_DEPLOYMENT_TARGET = 15.2;
				MTL_ENABLE_DEBUG_INFO = INCLUDE_SOURCE;
				MTL_FAST_MATH = YES;
				ONLY_ACTIVE_ARCH = YES;
				SDKROOT = iphoneos;
				SWIFT_ACTIVE_COMPILATION_CONDITIONS = DEBUG;
				SWIFT_OPTIMIZATION_LEVEL = "-Onone";
			};
			name = Debug;
		};
		F845166F277F564100201CB7 /* Release */ = {
			isa = XCBuildConfiguration;
			buildSettings = {
				ALWAYS_SEARCH_USER_PATHS = NO;
				CLANG_ANALYZER_NONNULL = YES;
				CLANG_ANALYZER_NUMBER_OBJECT_CONVERSION = YES_AGGRESSIVE;
				CLANG_CXX_LANGUAGE_STANDARD = "gnu++17";
				CLANG_CXX_LIBRARY = "libc++";
				CLANG_ENABLE_MODULES = YES;
				CLANG_ENABLE_OBJC_ARC = YES;
				CLANG_ENABLE_OBJC_WEAK = YES;
				CLANG_WARN_BLOCK_CAPTURE_AUTORELEASING = YES;
				CLANG_WARN_BOOL_CONVERSION = YES;
				CLANG_WARN_COMMA = YES;
				CLANG_WARN_CONSTANT_CONVERSION = YES;
				CLANG_WARN_DEPRECATED_OBJC_IMPLEMENTATIONS = YES;
				CLANG_WARN_DIRECT_OBJC_ISA_USAGE = YES_ERROR;
				CLANG_WARN_DOCUMENTATION_COMMENTS = YES;
				CLANG_WARN_EMPTY_BODY = YES;
				CLANG_WARN_ENUM_CONVERSION = YES;
				CLANG_WARN_INFINITE_RECURSION = YES;
				CLANG_WARN_INT_CONVERSION = YES;
				CLANG_WARN_NON_LITERAL_NULL_CONVERSION = YES;
				CLANG_WARN_OBJC_IMPLICIT_RETAIN_SELF = YES;
				CLANG_WARN_OBJC_LITERAL_CONVERSION = YES;
				CLANG_WARN_OBJC_ROOT_CLASS = YES_ERROR;
				CLANG_WARN_QUOTED_INCLUDE_IN_FRAMEWORK_HEADER = YES;
				CLANG_WARN_RANGE_LOOP_ANALYSIS = YES;
				CLANG_WARN_STRICT_PROTOTYPES = YES;
				CLANG_WARN_SUSPICIOUS_MOVE = YES;
				CLANG_WARN_UNGUARDED_AVAILABILITY = YES_AGGRESSIVE;
				CLANG_WARN_UNREACHABLE_CODE = YES;
				CLANG_WARN__DUPLICATE_METHOD_MATCH = YES;
				COPY_PHASE_STRIP = NO;
				DEBUG_INFORMATION_FORMAT = "dwarf-with-dsym";
				ENABLE_NS_ASSERTIONS = NO;
				ENABLE_STRICT_OBJC_MSGSEND = YES;
				GCC_C_LANGUAGE_STANDARD = gnu11;
				GCC_NO_COMMON_BLOCKS = YES;
				GCC_WARN_64_TO_32_BIT_CONVERSION = YES;
				GCC_WARN_ABOUT_RETURN_TYPE = YES_ERROR;
				GCC_WARN_UNDECLARED_SELECTOR = YES;
				GCC_WARN_UNINITIALIZED_AUTOS = YES_AGGRESSIVE;
				GCC_WARN_UNUSED_FUNCTION = YES;
				GCC_WARN_UNUSED_VARIABLE = YES;
				IPHONEOS_DEPLOYMENT_TARGET = 15.2;
				MTL_ENABLE_DEBUG_INFO = NO;
				MTL_FAST_MATH = YES;
				SDKROOT = iphoneos;
				SWIFT_COMPILATION_MODE = wholemodule;
				SWIFT_OPTIMIZATION_LEVEL = "-O";
				VALIDATE_PRODUCT = YES;
			};
			name = Release;
		};
		F8451671277F564100201CB7 /* Debug */ = {
			isa = XCBuildConfiguration;
			buildSettings = {
				ASSETCATALOG_COMPILER_APPICON_NAME = AppIcon;
				ASSETCATALOG_COMPILER_GLOBAL_ACCENT_COLOR_NAME = AccentColor;
				CODE_SIGN_STYLE = Automatic;
				CURRENT_PROJECT_VERSION = 1;
				DEVELOPMENT_TEAM = KU6VSRF6VJ;
				GENERATE_INFOPLIST_FILE = YES;
				INFOPLIST_FILE = ToDoList/Info.plist;
				INFOPLIST_KEY_UIApplicationSupportsIndirectInputEvents = YES;
				INFOPLIST_KEY_UILaunchStoryboardName = LaunchScreen;
				INFOPLIST_KEY_UIMainStoryboardFile = Main;
				INFOPLIST_KEY_UISupportedInterfaceOrientations_iPad = "UIInterfaceOrientationPortrait UIInterfaceOrientationPortraitUpsideDown UIInterfaceOrientationLandscapeLeft UIInterfaceOrientationLandscapeRight";
				INFOPLIST_KEY_UISupportedInterfaceOrientations_iPhone = "UIInterfaceOrientationPortrait UIInterfaceOrientationLandscapeLeft UIInterfaceOrientationLandscapeRight";
				LD_RUNPATH_SEARCH_PATHS = (
					"$(inherited)",
					"@executable_path/Frameworks",
				);
				MARKETING_VERSION = 1.0;
				PRODUCT_BUNDLE_IDENTIFIER = com.ksamardzhiev.ToDoList;
				PRODUCT_NAME = "$(TARGET_NAME)";
				SWIFT_EMIT_LOC_STRINGS = YES;
				SWIFT_VERSION = 5.0;
				TARGETED_DEVICE_FAMILY = "1,2";
			};
			name = Debug;
		};
		F8451672277F564100201CB7 /* Release */ = {
			isa = XCBuildConfiguration;
			buildSettings = {
				ASSETCATALOG_COMPILER_APPICON_NAME = AppIcon;
				ASSETCATALOG_COMPILER_GLOBAL_ACCENT_COLOR_NAME = AccentColor;
				CODE_SIGN_STYLE = Automatic;
				CURRENT_PROJECT_VERSION = 1;
				DEVELOPMENT_TEAM = KU6VSRF6VJ;
				GENERATE_INFOPLIST_FILE = YES;
				INFOPLIST_FILE = ToDoList/Info.plist;
				INFOPLIST_KEY_UIApplicationSupportsIndirectInputEvents = YES;
				INFOPLIST_KEY_UILaunchStoryboardName = LaunchScreen;
				INFOPLIST_KEY_UIMainStoryboardFile = Main;
				INFOPLIST_KEY_UISupportedInterfaceOrientations_iPad = "UIInterfaceOrientationPortrait UIInterfaceOrientationPortraitUpsideDown UIInterfaceOrientationLandscapeLeft UIInterfaceOrientationLandscapeRight";
				INFOPLIST_KEY_UISupportedInterfaceOrientations_iPhone = "UIInterfaceOrientationPortrait UIInterfaceOrientationLandscapeLeft UIInterfaceOrientationLandscapeRight";
				LD_RUNPATH_SEARCH_PATHS = (
					"$(inherited)",
					"@executable_path/Frameworks",
				);
				MARKETING_VERSION = 1.0;
				PRODUCT_BUNDLE_IDENTIFIER = com.ksamardzhiev.ToDoList;
				PRODUCT_NAME = "$(TARGET_NAME)";
				SWIFT_EMIT_LOC_STRINGS = YES;
				SWIFT_VERSION = 5.0;
				TARGETED_DEVICE_FAMILY = "1,2";
			};
			name = Release;
		};
		F8451674277F564100201CB7 /* Debug */ = {
			isa = XCBuildConfiguration;
			buildSettings = {
				ALWAYS_EMBED_SWIFT_STANDARD_LIBRARIES = YES;
				BUNDLE_LOADER = "$(TEST_HOST)";
				CODE_SIGN_STYLE = Automatic;
				CURRENT_PROJECT_VERSION = 1;
				DEVELOPMENT_TEAM = KU6VSRF6VJ;
				GENERATE_INFOPLIST_FILE = YES;
				IPHONEOS_DEPLOYMENT_TARGET = 15.2;
				MARKETING_VERSION = 1.0;
				PRODUCT_BUNDLE_IDENTIFIER = com.ksamardzhiev.ToDoListTests;
				PRODUCT_NAME = "$(TARGET_NAME)";
				SWIFT_EMIT_LOC_STRINGS = NO;
				SWIFT_VERSION = 5.0;
				TARGETED_DEVICE_FAMILY = "1,2";
				TEST_HOST = "$(BUILT_PRODUCTS_DIR)/ToDoList.app/ToDoList";
			};
			name = Debug;
		};
		F8451675277F564100201CB7 /* Release */ = {
			isa = XCBuildConfiguration;
			buildSettings = {
				ALWAYS_EMBED_SWIFT_STANDARD_LIBRARIES = YES;
				BUNDLE_LOADER = "$(TEST_HOST)";
				CODE_SIGN_STYLE = Automatic;
				CURRENT_PROJECT_VERSION = 1;
				DEVELOPMENT_TEAM = KU6VSRF6VJ;
				GENERATE_INFOPLIST_FILE = YES;
				IPHONEOS_DEPLOYMENT_TARGET = 15.2;
				MARKETING_VERSION = 1.0;
				PRODUCT_BUNDLE_IDENTIFIER = com.ksamardzhiev.ToDoListTests;
				PRODUCT_NAME = "$(TARGET_NAME)";
				SWIFT_EMIT_LOC_STRINGS = NO;
				SWIFT_VERSION = 5.0;
				TARGETED_DEVICE_FAMILY = "1,2";
				TEST_HOST = "$(BUILT_PRODUCTS_DIR)/ToDoList.app/ToDoList";
			};
			name = Release;
		};
		F8451677277F564100201CB7 /* Debug */ = {
			isa = XCBuildConfiguration;
			buildSettings = {
				ALWAYS_EMBED_SWIFT_STANDARD_LIBRARIES = YES;
				CODE_SIGN_STYLE = Automatic;
				CURRENT_PROJECT_VERSION = 1;
				DEVELOPMENT_TEAM = KU6VSRF6VJ;
				GENERATE_INFOPLIST_FILE = YES;
				MARKETING_VERSION = 1.0;
				PRODUCT_BUNDLE_IDENTIFIER = com.ksamardzhiev.ToDoListUITests;
				PRODUCT_NAME = "$(TARGET_NAME)";
				SWIFT_EMIT_LOC_STRINGS = NO;
				SWIFT_VERSION = 5.0;
				TARGETED_DEVICE_FAMILY = "1,2";
				TEST_TARGET_NAME = ToDoList;
			};
			name = Debug;
		};
		F8451678277F564100201CB7 /* Release */ = {
			isa = XCBuildConfiguration;
			buildSettings = {
				ALWAYS_EMBED_SWIFT_STANDARD_LIBRARIES = YES;
				CODE_SIGN_STYLE = Automatic;
				CURRENT_PROJECT_VERSION = 1;
				DEVELOPMENT_TEAM = KU6VSRF6VJ;
				GENERATE_INFOPLIST_FILE = YES;
				MARKETING_VERSION = 1.0;
				PRODUCT_BUNDLE_IDENTIFIER = com.ksamardzhiev.ToDoListUITests;
				PRODUCT_NAME = "$(TARGET_NAME)";
				SWIFT_EMIT_LOC_STRINGS = NO;
				SWIFT_VERSION = 5.0;
				TARGETED_DEVICE_FAMILY = "1,2";
				TEST_TARGET_NAME = ToDoList;
			};
			name = Release;
		};
/* End XCBuildConfiguration section */

/* Begin XCConfigurationList section */
		F845163E277F563D00201CB7 /* Build configuration list for PBXProject "ToDoList" */ = {
			isa = XCConfigurationList;
			buildConfigurations = (
				F845166E277F564100201CB7 /* Debug */,
				F845166F277F564100201CB7 /* Release */,
			);
			defaultConfigurationIsVisible = 0;
			defaultConfigurationName = Release;
		};
		F8451670277F564100201CB7 /* Build configuration list for PBXNativeTarget "ToDoList" */ = {
			isa = XCConfigurationList;
			buildConfigurations = (
				F8451671277F564100201CB7 /* Debug */,
				F8451672277F564100201CB7 /* Release */,
			);
			defaultConfigurationIsVisible = 0;
			defaultConfigurationName = Release;
		};
		F8451673277F564100201CB7 /* Build configuration list for PBXNativeTarget "ToDoListTests" */ = {
			isa = XCConfigurationList;
			buildConfigurations = (
				F8451674277F564100201CB7 /* Debug */,
				F8451675277F564100201CB7 /* Release */,
			);
			defaultConfigurationIsVisible = 0;
			defaultConfigurationName = Release;
		};
		F8451676277F564100201CB7 /* Build configuration list for PBXNativeTarget "ToDoListUITests" */ = {
			isa = XCConfigurationList;
			buildConfigurations = (
				F8451677277F564100201CB7 /* Debug */,
				F8451678277F564100201CB7 /* Release */,
			);
			defaultConfigurationIsVisible = 0;
			defaultConfigurationName = Release;
		};
/* End XCConfigurationList section */

/* Begin XCVersionGroup section */
		F845164F277F563D00201CB7 /* ToDoList.xcdatamodeld */ = {
			isa = XCVersionGroup;
			children = (
				F8451650277F563D00201CB7 /* ToDoList.xcdatamodel */,
			);
			currentVersion = F8451650277F563D00201CB7 /* ToDoList.xcdatamodel */;
			path = ToDoList.xcdatamodeld;
			sourceTree = "<group>";
			versionGroupType = wrapper.xcdatamodel;
		};
/* End XCVersionGroup section */
	};
	rootObject = F845163B277F563D00201CB7 /* Project object */;
}
